// !$*UTF8*$!
{
	archiveVersion = 1;
	classes = {
	};
	objectVersion = 50;
	objects = {

/* Begin PBXBuildFile section */
		D925D7E5252334B500F0828D /* AppDelegate.swift in Sources */ = {isa = PBXBuildFile; fileRef = D925D7E4252334B500F0828D /* AppDelegate.swift */; };
		D925D7E7252334B500F0828D /* SceneDelegate.swift in Sources */ = {isa = PBXBuildFile; fileRef = D925D7E6252334B500F0828D /* SceneDelegate.swift */; };
		D925D7E9252334B500F0828D /* ViewController.swift in Sources */ = {isa = PBXBuildFile; fileRef = D925D7E8252334B500F0828D /* ViewController.swift */; };
		D925D7EC252334B500F0828D /* Main.storyboard in Resources */ = {isa = PBXBuildFile; fileRef = D925D7EA252334B500F0828D /* Main.storyboard */; };
		D925D7EE252334BC00F0828D /* Assets.xcassets in Resources */ = {isa = PBXBuildFile; fileRef = D925D7ED252334BC00F0828D /* Assets.xcassets */; };
		D925D7F1252334BC00F0828D /* LaunchScreen.storyboard in Resources */ = {isa = PBXBuildFile; fileRef = D925D7EF252334BC00F0828D /* LaunchScreen.storyboard */; };
		D925D7FC252334BC00F0828D /* FileDemoTests.swift in Sources */ = {isa = PBXBuildFile; fileRef = D925D7FB252334BC00F0828D /* FileDemoTests.swift */; };
		D925D807252334BC00F0828D /* FileDemoUITests.swift in Sources */ = {isa = PBXBuildFile; fileRef = D925D806252334BC00F0828D /* FileDemoUITests.swift */; };
/* End PBXBuildFile section */

/* Begin PBXContainerItemProxy section */
		D925D7F8252334BC00F0828D /* PBXContainerItemProxy */ = {
			isa = PBXContainerItemProxy;
			containerPortal = D925D7D9252334B500F0828D /* Project object */;
			proxyType = 1;
			remoteGlobalIDString = D925D7E0252334B500F0828D;
			remoteInfo = FileDemo;
		};
		D925D803252334BC00F0828D /* PBXContainerItemProxy */ = {
			isa = PBXContainerItemProxy;
			containerPortal = D925D7D9252334B500F0828D /* Project object */;
			proxyType = 1;
			remoteGlobalIDString = D925D7E0252334B500F0828D;
			remoteInfo = FileDemo;
		};
/* End PBXContainerItemProxy section */

/* Begin PBXFileReference section */
		D925D7E1252334B500F0828D /* FileDemo.app */ = {isa = PBXFileReference; explicitFileType = wrapper.application; includeInIndex = 0; path = FileDemo.app; sourceTree = BUILT_PRODUCTS_DIR; };
		D925D7E4252334B500F0828D /* AppDelegate.swift */ = {isa = PBXFileReference; lastKnownFileType = sourcecode.swift; path = AppDelegate.swift; sourceTree = "<group>"; };
		D925D7E6252334B500F0828D /* SceneDelegate.swift */ = {isa = PBXFileReference; lastKnownFileType = sourcecode.swift; path = SceneDelegate.swift; sourceTree = "<group>"; };
		D925D7E8252334B500F0828D /* ViewController.swift */ = {isa = PBXFileReference; lastKnownFileType = sourcecode.swift; path = ViewController.swift; sourceTree = "<group>"; };
		D925D7EB252334B500F0828D /* Base */ = {isa = PBXFileReference; lastKnownFileType = file.storyboard; name = Base; path = Base.lproj/Main.storyboard; sourceTree = "<group>"; };
		D925D7ED252334BC00F0828D /* Assets.xcassets */ = {isa = PBXFileReference; lastKnownFileType = folder.assetcatalog; path = Assets.xcassets; sourceTree = "<group>"; };
		D925D7F0252334BC00F0828D /* Base */ = {isa = PBXFileReference; lastKnownFileType = file.storyboard; name = Base; path = Base.lproj/LaunchScreen.storyboard; sourceTree = "<group>"; };
		D925D7F2252334BC00F0828D /* Info.plist */ = {isa = PBXFileReference; lastKnownFileType = text.plist.xml; path = Info.plist; sourceTree = "<group>"; };
		D925D7F7252334BC00F0828D /* FileDemoTests.xctest */ = {isa = PBXFileReference; explicitFileType = wrapper.cfbundle; includeInIndex = 0; path = FileDemoTests.xctest; sourceTree = BUILT_PRODUCTS_DIR; };
		D925D7FB252334BC00F0828D /* FileDemoTests.swift */ = {isa = PBXFileReference; lastKnownFileType = sourcecode.swift; path = FileDemoTests.swift; sourceTree = "<group>"; };
		D925D7FD252334BC00F0828D /* Info.plist */ = {isa = PBXFileReference; lastKnownFileType = text.plist.xml; path = Info.plist; sourceTree = "<group>"; };
		D925D802252334BC00F0828D /* FileDemoUITests.xctest */ = {isa = PBXFileReference; explicitFileType = wrapper.cfbundle; includeInIndex = 0; path = FileDemoUITests.xctest; sourceTree = BUILT_PRODUCTS_DIR; };
		D925D806252334BC00F0828D /* FileDemoUITests.swift */ = {isa = PBXFileReference; lastKnownFileType = sourcecode.swift; path = FileDemoUITests.swift; sourceTree = "<group>"; };
		D925D808252334BC00F0828D /* Info.plist */ = {isa = PBXFileReference; lastKnownFileType = text.plist.xml; path = Info.plist; sourceTree = "<group>"; };
/* End PBXFileReference section */

/* Begin PBXFrameworksBuildPhase section */
		D925D7DE252334B500F0828D /* Frameworks */ = {
			isa = PBXFrameworksBuildPhase;
			buildActionMask = 2147483647;
			files = (
			);
			runOnlyForDeploymentPostprocessing = 0;
		};
		D925D7F4252334BC00F0828D /* Frameworks */ = {
			isa = PBXFrameworksBuildPhase;
			buildActionMask = 2147483647;
			files = (
			);
			runOnlyForDeploymentPostprocessing = 0;
		};
		D925D7FF252334BC00F0828D /* Frameworks */ = {
			isa = PBXFrameworksBuildPhase;
			buildActionMask = 2147483647;
			files = (
			);
			runOnlyForDeploymentPostprocessing = 0;
		};
/* End PBXFrameworksBuildPhase section */

/* Begin PBXGroup section */
		D925D7D8252334B500F0828D = {
			isa = PBXGroup;
			children = (
				D925D7E3252334B500F0828D /* FileDemo */,
				D925D7FA252334BC00F0828D /* FileDemoTests */,
				D925D805252334BC00F0828D /* FileDemoUITests */,
				D925D7E2252334B500F0828D /* Products */,
			);
			sourceTree = "<group>";
		};
		D925D7E2252334B500F0828D /* Products */ = {
			isa = PBXGroup;
			children = (
				D925D7E1252334B500F0828D /* FileDemo.app */,
				D925D7F7252334BC00F0828D /* FileDemoTests.xctest */,
				D925D802252334BC00F0828D /* FileDemoUITests.xctest */,
			);
			name = Products;
			sourceTree = "<group>";
		};
		D925D7E3252334B500F0828D /* FileDemo */ = {
			isa = PBXGroup;
			children = (
				D925D7E4252334B500F0828D /* AppDelegate.swift */,
				D925D7E6252334B500F0828D /* SceneDelegate.swift */,
				D925D7E8252334B500F0828D /* ViewController.swift */,
				D925D7EA252334B500F0828D /* Main.storyboard */,
				D925D7ED252334BC00F0828D /* Assets.xcassets */,
				D925D7EF252334BC00F0828D /* LaunchScreen.storyboard */,
				D925D7F2252334BC00F0828D /* Info.plist */,
			);
			path = FileDemo;
			sourceTree = "<group>";
		};
		D925D7FA252334BC00F0828D /* FileDemoTests */ = {
			isa = PBXGroup;
			children = (
				D925D7FB252334BC00F0828D /* FileDemoTests.swift */,
				D925D7FD252334BC00F0828D /* Info.plist */,
			);
			path = FileDemoTests;
			sourceTree = "<group>";
		};
		D925D805252334BC00F0828D /* FileDemoUITests */ = {
			isa = PBXGroup;
			children = (
				D925D806252334BC00F0828D /* FileDemoUITests.swift */,
				D925D808252334BC00F0828D /* Info.plist */,
			);
			path = FileDemoUITests;
			sourceTree = "<group>";
		};
/* End PBXGroup section */

/* Begin PBXNativeTarget section */
		D925D7E0252334B500F0828D /* FileDemo */ = {
			isa = PBXNativeTarget;
			buildConfigurationList = D925D80B252334BC00F0828D /* Build configuration list for PBXNativeTarget "FileDemo" */;
			buildPhases = (
				D925D7DD252334B500F0828D /* Sources */,
				D925D7DE252334B500F0828D /* Frameworks */,
				D925D7DF252334B500F0828D /* Resources */,
			);
			buildRules = (
			);
			dependencies = (
			);
			name = FileDemo;
			productName = FileDemo;
			productReference = D925D7E1252334B500F0828D /* FileDemo.app */;
			productType = "com.apple.product-type.application";
		};
		D925D7F6252334BC00F0828D /* FileDemoTests */ = {
			isa = PBXNativeTarget;
			buildConfigurationList = D925D80E252334BC00F0828D /* Build configuration list for PBXNativeTarget "FileDemoTests" */;
			buildPhases = (
				D925D7F3252334BC00F0828D /* Sources */,
				D925D7F4252334BC00F0828D /* Frameworks */,
				D925D7F5252334BC00F0828D /* Resources */,
			);
			buildRules = (
			);
			dependencies = (
				D925D7F9252334BC00F0828D /* PBXTargetDependency */,
			);
			name = FileDemoTests;
			productName = FileDemoTests;
			productReference = D925D7F7252334BC00F0828D /* FileDemoTests.xctest */;
			productType = "com.apple.product-type.bundle.unit-test";
		};
		D925D801252334BC00F0828D /* FileDemoUITests */ = {
			isa = PBXNativeTarget;
			buildConfigurationList = D925D811252334BC00F0828D /* Build configuration list for PBXNativeTarget "FileDemoUITests" */;
			buildPhases = (
				D925D7FE252334BC00F0828D /* Sources */,
				D925D7FF252334BC00F0828D /* Frameworks */,
				D925D800252334BC00F0828D /* Resources */,
			);
			buildRules = (
			);
			dependencies = (
				D925D804252334BC00F0828D /* PBXTargetDependency */,
			);
			name = FileDemoUITests;
			productName = FileDemoUITests;
			productReference = D925D802252334BC00F0828D /* FileDemoUITests.xctest */;
			productType = "com.apple.product-type.bundle.ui-testing";
		};
/* End PBXNativeTarget section */

/* Begin PBXProject section */
		D925D7D9252334B500F0828D /* Project object */ = {
			isa = PBXProject;
			attributes = {
				LastSwiftUpdateCheck = 1200;
				LastUpgradeCheck = 1200;
				TargetAttributes = {
					D925D7E0252334B500F0828D = {
						CreatedOnToolsVersion = 12.0.1;
					};
					D925D7F6252334BC00F0828D = {
						CreatedOnToolsVersion = 12.0.1;
						TestTargetID = D925D7E0252334B500F0828D;
					};
					D925D801252334BC00F0828D = {
						CreatedOnToolsVersion = 12.0.1;
						TestTargetID = D925D7E0252334B500F0828D;
					};
				};
			};
			buildConfigurationList = D925D7DC252334B500F0828D /* Build configuration list for PBXProject "FileDemo" */;
			compatibilityVersion = "Xcode 9.3";
			developmentRegion = en;
			hasScannedForEncodings = 0;
			knownRegions = (
				en,
				Base,
			);
			mainGroup = D925D7D8252334B500F0828D;
			productRefGroup = D925D7E2252334B500F0828D /* Products */;
			projectDirPath = "";
			projectRoot = "";
			targets = (
				D925D7E0252334B500F0828D /* FileDemo */,
				D925D7F6252334BC00F0828D /* FileDemoTests */,
				D925D801252334BC00F0828D /* FileDemoUITests */,
			);
		};
/* End PBXProject section */

/* Begin PBXResourcesBuildPhase section */
		D925D7DF252334B500F0828D /* Resources */ = {
			isa = PBXResourcesBuildPhase;
			buildActionMask = 2147483647;
			files = (
				D925D7F1252334BC00F0828D /* LaunchScreen.storyboard in Resources */,
				D925D7EE252334BC00F0828D /* Assets.xcassets in Resources */,
				D925D7EC252334B500F0828D /* Main.storyboard in Resources */,
			);
			runOnlyForDeploymentPostprocessing = 0;
		};
		D925D7F5252334BC00F0828D /* Resources */ = {
			isa = PBXResourcesBuildPhase;
			buildActionMask = 2147483647;
			files = (
			);
			runOnlyForDeploymentPostprocessing = 0;
		};
		D925D800252334BC00F0828D /* Resources */ = {
			isa = PBXResourcesBuildPhase;
			buildActionMask = 2147483647;
			files = (
			);
			runOnlyForDeploymentPostprocessing = 0;
		};
/* End PBXResourcesBuildPhase section */

/* Begin PBXSourcesBuildPhase section */
		D925D7DD252334B500F0828D /* Sources */ = {
			isa = PBXSourcesBuildPhase;
			buildActionMask = 2147483647;
			files = (
				D925D7E9252334B500F0828D /* ViewController.swift in Sources */,
				D925D7E5252334B500F0828D /* AppDelegate.swift in Sources */,
				D925D7E7252334B500F0828D /* SceneDelegate.swift in Sources */,
			);
			runOnlyForDeploymentPostprocessing = 0;
		};
		D925D7F3252334BC00F0828D /* Sources */ = {
			isa = PBXSourcesBuildPhase;
			buildActionMask = 2147483647;
			files = (
				D925D7FC252334BC00F0828D /* FileDemoTests.swift in Sources */,
			);
			runOnlyForDeploymentPostprocessing = 0;
		};
		D925D7FE252334BC00F0828D /* Sources */ = {
			isa = PBXSourcesBuildPhase;
			buildActionMask = 2147483647;
			files = (
				D925D807252334BC00F0828D /* FileDemoUITests.swift in Sources */,
			);
			runOnlyForDeploymentPostprocessing = 0;
		};
/* End PBXSourcesBuildPhase section */

/* Begin PBXTargetDependency section */
		D925D7F9252334BC00F0828D /* PBXTargetDependency */ = {
			isa = PBXTargetDependency;
			target = D925D7E0252334B500F0828D /* FileDemo */;
			targetProxy = D925D7F8252334BC00F0828D /* PBXContainerItemProxy */;
		};
		D925D804252334BC00F0828D /* PBXTargetDependency */ = {
			isa = PBXTargetDependency;
			target = D925D7E0252334B500F0828D /* FileDemo */;
			targetProxy = D925D803252334BC00F0828D /* PBXContainerItemProxy */;
		};
/* End PBXTargetDependency section */

/* Begin PBXVariantGroup section */
		D925D7EA252334B500F0828D /* Main.storyboard */ = {
			isa = PBXVariantGroup;
			children = (
				D925D7EB252334B500F0828D /* Base */,
			);
			name = Main.storyboard;
			sourceTree = "<group>";
		};
		D925D7EF252334BC00F0828D /* LaunchScreen.storyboard */ = {
			isa = PBXVariantGroup;
			children = (
				D925D7F0252334BC00F0828D /* Base */,
			);
			name = LaunchScreen.storyboard;
			sourceTree = "<group>";
		};
/* End PBXVariantGroup section */

/* Begin XCBuildConfiguration section */
		D925D809252334BC00F0828D /* Debug */ = {
			isa = XCBuildConfiguration;
			buildSettings = {
				ALWAYS_SEARCH_USER_PATHS = NO;
				CLANG_ANALYZER_NONNULL = YES;
				CLANG_ANALYZER_NUMBER_OBJECT_CONVERSION = YES_AGGRESSIVE;
				CLANG_CXX_LANGUAGE_STANDARD = "gnu++14";
				CLANG_CXX_LIBRARY = "libc++";
				CLANG_ENABLE_MODULES = YES;
				CLANG_ENABLE_OBJC_ARC = YES;
				CLANG_ENABLE_OBJC_WEAK = YES;
				CLANG_WARN_BLOCK_CAPTURE_AUTORELEASING = YES;
				CLANG_WARN_BOOL_CONVERSION = YES;
				CLANG_WARN_COMMA = YES;
				CLANG_WARN_CONSTANT_CONVERSION = YES;
				CLANG_WARN_DEPRECATED_OBJC_IMPLEMENTATIONS = YES;
				CLANG_WARN_DIRECT_OBJC_ISA_USAGE = YES_ERROR;
				CLANG_WARN_DOCUMENTATION_COMMENTS = YES;
				CLANG_WARN_EMPTY_BODY = YES;
				CLANG_WARN_ENUM_CONVERSION = YES;
				CLANG_WARN_INFINITE_RECURSION = YES;
				CLANG_WARN_INT_CONVERSION = YES;
				CLANG_WARN_NON_LITERAL_NULL_CONVERSION = YES;
				CLANG_WARN_OBJC_IMPLICIT_RETAIN_SELF = YES;
				CLANG_WARN_OBJC_LITERAL_CONVERSION = YES;
				CLANG_WARN_OBJC_ROOT_CLASS = YES_ERROR;
				CLANG_WARN_QUOTED_INCLUDE_IN_FRAMEWORK_HEADER = YES;
				CLANG_WARN_RANGE_LOOP_ANALYSIS = YES;
				CLANG_WARN_STRICT_PROTOTYPES = YES;
				CLANG_WARN_SUSPICIOUS_MOVE = YES;
				CLANG_WARN_UNGUARDED_AVAILABILITY = YES_AGGRESSIVE;
				CLANG_WARN_UNREACHABLE_CODE = YES;
				CLANG_WARN__DUPLICATE_METHOD_MATCH = YES;
				COPY_PHASE_STRIP = NO;
				DEBUG_INFORMATION_FORMAT = dwarf;
				ENABLE_STRICT_OBJC_MSGSEND = YES;
				ENABLE_TESTABILITY = YES;
				GCC_C_LANGUAGE_STANDARD = gnu11;
				GCC_DYNAMIC_NO_PIC = NO;
				GCC_NO_COMMON_BLOCKS = YES;
				GCC_OPTIMIZATION_LEVEL = 0;
				GCC_PREPROCESSOR_DEFINITIONS = (
					"DEBUG=1",
					"$(inherited)",
				);
				GCC_WARN_64_TO_32_BIT_CONVERSION = YES;
				GCC_WARN_ABOUT_RETURN_TYPE = YES_ERROR;
				GCC_WARN_UNDECLARED_SELECTOR = YES;
				GCC_WARN_UNINITIALIZED_AUTOS = YES_AGGRESSIVE;
				GCC_WARN_UNUSED_FUNCTION = YES;
				GCC_WARN_UNUSED_VARIABLE = YES;
				IPHONEOS_DEPLOYMENT_TARGET = 14.0;
				MTL_ENABLE_DEBUG_INFO = INCLUDE_SOURCE;
				MTL_FAST_MATH = YES;
				ONLY_ACTIVE_ARCH = YES;
				SDKROOT = iphoneos;
				SWIFT_ACTIVE_COMPILATION_CONDITIONS = DEBUG;
				SWIFT_OPTIMIZATION_LEVEL = "-Onone";
			};
			name = Debug;
		};
		D925D80A252334BC00F0828D /* Release */ = {
			isa = XCBuildConfiguration;
			buildSettings = {
				ALWAYS_SEARCH_USER_PATHS = NO;
				CLANG_ANALYZER_NONNULL = YES;
				CLANG_ANALYZER_NUMBER_OBJECT_CONVERSION = YES_AGGRESSIVE;
				CLANG_CXX_LANGUAGE_STANDARD = "gnu++14";
				CLANG_CXX_LIBRARY = "libc++";
				CLANG_ENABLE_MODULES = YES;
				CLANG_ENABLE_OBJC_ARC = YES;
				CLANG_ENABLE_OBJC_WEAK = YES;
				CLANG_WARN_BLOCK_CAPTURE_AUTORELEASING = YES;
				CLANG_WARN_BOOL_CONVERSION = YES;
				CLANG_WARN_COMMA = YES;
				CLANG_WARN_CONSTANT_CONVERSION = YES;
				CLANG_WARN_DEPRECATED_OBJC_IMPLEMENTATIONS = YES;
				CLANG_WARN_DIRECT_OBJC_ISA_USAGE = YES_ERROR;
				CLANG_WARN_DOCUMENTATION_COMMENTS = YES;
				CLANG_WARN_EMPTY_BODY = YES;
				CLANG_WARN_ENUM_CONVERSION = YES;
				CLANG_WARN_INFINITE_RECURSION = YES;
				CLANG_WARN_INT_CONVERSION = YES;
				CLANG_WARN_NON_LITERAL_NULL_CONVERSION = YES;
				CLANG_WARN_OBJC_IMPLICIT_RETAIN_SELF = YES;
				CLANG_WARN_OBJC_LITERAL_CONVERSION = YES;
				CLANG_WARN_OBJC_ROOT_CLASS = YES_ERROR;
				CLANG_WARN_QUOTED_INCLUDE_IN_FRAMEWORK_HEADER = YES;
				CLANG_WARN_RANGE_LOOP_ANALYSIS = YES;
				CLANG_WARN_STRICT_PROTOTYPES = YES;
				CLANG_WARN_SUSPICIOUS_MOVE = YES;
				CLANG_WARN_UNGUARDED_AVAILABILITY = YES_AGGRESSIVE;
				CLANG_WARN_UNREACHABLE_CODE = YES;
				CLANG_WARN__DUPLICATE_METHOD_MATCH = YES;
				COPY_PHASE_STRIP = NO;
				DEBUG_INFORMATION_FORMAT = "dwarf-with-dsym";
				ENABLE_NS_ASSERTIONS = NO;
				ENABLE_STRICT_OBJC_MSGSEND = YES;
				GCC_C_LANGUAGE_STANDARD = gnu11;
				GCC_NO_COMMON_BLOCKS = YES;
				GCC_WARN_64_TO_32_BIT_CONVERSION = YES;
				GCC_WARN_ABOUT_RETURN_TYPE = YES_ERROR;
				GCC_WARN_UNDECLARED_SELECTOR = YES;
				GCC_WARN_UNINITIALIZED_AUTOS = YES_AGGRESSIVE;
				GCC_WARN_UNUSED_FUNCTION = YES;
				GCC_WARN_UNUSED_VARIABLE = YES;
				IPHONEOS_DEPLOYMENT_TARGET = 14.0;
				MTL_ENABLE_DEBUG_INFO = NO;
				MTL_FAST_MATH = YES;
				SDKROOT = iphoneos;
				SWIFT_COMPILATION_MODE = wholemodule;
				SWIFT_OPTIMIZATION_LEVEL = "-O";
				VALIDATE_PRODUCT = YES;
			};
			name = Release;
		};
		D925D80C252334BC00F0828D /* Debug */ = {
			isa = XCBuildConfiguration;
			buildSettings = {
				ASSETCATALOG_COMPILER_APPICON_NAME = AppIcon;
				ASSETCATALOG_COMPILER_GLOBAL_ACCENT_COLOR_NAME = AccentColor;
				CODE_SIGN_STYLE = Automatic;
				INFOPLIST_FILE = FileDemo/Info.plist;
				LD_RUNPATH_SEARCH_PATHS = (
					"$(inherited)",
					"@executable_path/Frameworks",
				);
				PRODUCT_BUNDLE_IDENTIFIER = com.jieli.FileDemo;
				PRODUCT_NAME = "$(TARGET_NAME)";
				SWIFT_VERSION = 5.0;
				TARGETED_DEVICE_FAMILY = "1,2";
			};
			name = Debug;
		};
		D925D80D252334BC00F0828D /* Release */ = {
			isa = XCBuildConfiguration;
			buildSettings = {
				ASSETCATALOG_COMPILER_APPICON_NAME = AppIcon;
				ASSETCATALOG_COMPILER_GLOBAL_ACCENT_COLOR_NAME = AccentColor;
				CODE_SIGN_STYLE = Automatic;
				INFOPLIST_FILE = FileDemo/Info.plist;
				LD_RUNPATH_SEARCH_PATHS = (
					"$(inherited)",
					"@executable_path/Frameworks",
				);
				PRODUCT_BUNDLE_IDENTIFIER = com.jieli.FileDemo;
				PRODUCT_NAME = "$(TARGET_NAME)";
				SWIFT_VERSION = 5.0;
				TARGETED_DEVICE_FAMILY = "1,2";
			};
			name = Release;
		};
		D925D80F252334BC00F0828D /* Debug */ = {
			isa = XCBuildConfiguration;
			buildSettings = {
				ALWAYS_EMBED_SWIFT_STANDARD_LIBRARIES = YES;
				BUNDLE_LOADER = "$(TEST_HOST)";
				CODE_SIGN_STYLE = Automatic;
				INFOPLIST_FILE = FileDemoTests/Info.plist;
				IPHONEOS_DEPLOYMENT_TARGET = 14.0;
				LD_RUNPATH_SEARCH_PATHS = (
					"$(inherited)",
					"@executable_path/Frameworks",
					"@loader_path/Frameworks",
				);
				PRODUCT_BUNDLE_IDENTIFIER = com.jieli.FileDemoTests;
				PRODUCT_NAME = "$(TARGET_NAME)";
				SWIFT_VERSION = 5.0;
				TARGETED_DEVICE_FAMILY = "1,2";
				TEST_HOST = "$(BUILT_PRODUCTS_DIR)/FileDemo.app/FileDemo";
			};
			name = Debug;
		};
		D925D810252334BC00F0828D /* Release */ = {
			isa = XCBuildConfiguration;
			buildSettings = {
				ALWAYS_EMBED_SWIFT_STANDARD_LIBRARIES = YES;
				BUNDLE_LOADER = "$(TEST_HOST)";
				CODE_SIGN_STYLE = Automatic;
				INFOPLIST_FILE = FileDemoTests/Info.plist;
				IPHONEOS_DEPLOYMENT_TARGET = 14.0;
				LD_RUNPATH_SEARCH_PATHS = (
					"$(inherited)",
					"@executable_path/Frameworks",
					"@loader_path/Frameworks",
				);
				PRODUCT_BUNDLE_IDENTIFIER = com.jieli.FileDemoTests;
				PRODUCT_NAME = "$(TARGET_NAME)";
				SWIFT_VERSION = 5.0;
				TARGETED_DEVICE_FAMILY = "1,2";
				TEST_HOST = "$(BUILT_PRODUCTS_DIR)/FileDemo.app/FileDemo";
			};
			name = Release;
		};
		D925D812252334BC00F0828D /* Debug */ = {
			isa = XCBuildConfiguration;
			buildSettings = {
				ALWAYS_EMBED_SWIFT_STANDARD_LIBRARIES = YES;
				CODE_SIGN_STYLE = Automatic;
				INFOPLIST_FILE = FileDemoUITests/Info.plist;
				LD_RUNPATH_SEARCH_PATHS = (
					"$(inherited)",
					"@executable_path/Frameworks",
					"@loader_path/Frameworks",
				);
				PRODUCT_BUNDLE_IDENTIFIER = com.jieli.FileDemoUITests;
				PRODUCT_NAME = "$(TARGET_NAME)";
				SWIFT_VERSION = 5.0;
				TARGETED_DEVICE_FAMILY = "1,2";
				TEST_TARGET_NAME = FileDemo;
			};
			name = Debug;
		};
		D925D813252334BC00F0828D /* Release */ = {
			isa = XCBuildConfiguration;
			buildSettings = {
				ALWAYS_EMBED_SWIFT_STANDARD_LIBRARIES = YES;
				CODE_SIGN_STYLE = Automatic;
				INFOPLIST_FILE = FileDemoUITests/Info.plist;
				LD_RUNPATH_SEARCH_PATHS = (
					"$(inherited)",
					"@executable_path/Frameworks",
					"@loader_path/Frameworks",
				);
				PRODUCT_BUNDLE_IDENTIFIER = com.jieli.FileDemoUITests;
				PRODUCT_NAME = "$(TARGET_NAME)";
				SWIFT_VERSION = 5.0;
				TARGETED_DEVICE_FAMILY = "1,2";
				TEST_TARGET_NAME = FileDemo;
			};
			name = Release;
		};
/* End XCBuildConfiguration section */

/* Begin XCConfigurationList section */
		D925D7DC252334B500F0828D /* Build configuration list for PBXProject "FileDemo" */ = {
			isa = XCConfigurationList;
			buildConfigurations = (
				D925D809252334BC00F0828D /* Debug */,
				D925D80A252334BC00F0828D /* Release */,
			);
			defaultConfigurationIsVisible = 0;
			defaultConfigurationName = Release;
		};
		D925D80B252334BC00F0828D /* Build configuration list for PBXNativeTarget "FileDemo" */ = {
			isa = XCConfigurationList;
			buildConfigurations = (
				D925D80C252334BC00F0828D /* Debug */,
				D925D80D252334BC00F0828D /* Release */,
			);
			defaultConfigurationIsVisible = 0;
			defaultConfigurationName = Release;
		};
		D925D80E252334BC00F0828D /* Build configuration list for PBXNativeTarget "FileDemoTests" */ = {
			isa = XCConfigurationList;
			buildConfigurations = (
				D925D80F252334BC00F0828D /* Debug */,
				D925D810252334BC00F0828D /* Release */,
			);
			defaultConfigurationIsVisible = 0;
			defaultConfigurationName = Release;
		};
		D925D811252334BC00F0828D /* Build configuration list for PBXNativeTarget "FileDemoUITests" */ = {
			isa = XCConfigurationList;
			buildConfigurations = (
				D925D812252334BC00F0828D /* Debug */,
				D925D813252334BC00F0828D /* Release */,
			);
			defaultConfigurationIsVisible = 0;
			defaultConfigurationName = Release;
		};
/* End XCConfigurationList section */
	};
	rootObject = D925D7D9252334B500F0828D /* Project object */;
}
